
Microsoft Visual Studio Solution File, Format Version 12.00
# Visual Studio 15
VisualStudioVersion = 15.0.27428.2005
MinimumVisualStudioVersion = 10.0.40219.1
Project("{FAE04EC0-301F-11D3-BF4B-00C04F79EFBC}") = "WebApplication2", "WebApplication2\WebApplication2.csproj", "{2967CA6E-51F8-433C-BB8E-09D74A538D7E}"
EndProject
Global
	GlobalSection(SolutionConfigurationPlatforms) = preSolution
		Debug|Any CPU = Debug|Any CPU
		Release|Any CPU = Release|Any CPU
	EndGlobalSection
	GlobalSection(ProjectConfigurationPlatforms) = postSolution
		{2967CA6E-51F8-433C-BB8E-09D74A538D7E}.Debug|Any CPU.ActiveCfg = Debug|Any CPU
		{2967CA6E-51F8-433C-BB8E-09D74A538D7E}.Debug|Any CPU.Build.0 = Debug|Any CPU
		{2967CA6E-51F8-433C-BB8E-09D74A538D7E}.Release|Any CPU.ActiveCfg = Release|Any CPU
		{2967CA6E-51F8-433C-BB8E-09D74A538D7E}.Release|Any CPU.Build.0 = Release|Any CPU
	EndGlobalSection
	GlobalSection(SolutionProperties) = preSolution
		HideSolutionNode = FALSE
	EndGlobalSection
	GlobalSection(ExtensibilityGlobals) = postSolution
		SolutionGuid = {8465C8BD-F97F-48AF-8089-D21EBA45EE51}
	EndGlobalSection
EndGlobal
